
Microsoft Visual Studio Solution File, Format Version 12.00
# Visual Studio Version 17
VisualStudioVersion = 17.0.31903.59
MinimumVisualStudioVersion = 10.0.40219.1
Project("{FAE04EC0-301F-11D3-BF4B-00C04F79EFBC}") = "PersonalAutomationTool", "PersonalAutomationTool\PersonalAutomationTool.csproj", "{FF78A5CC-7259-423A-9DFA-4C56BB8906DC}"
EndProject
Project("{FAE04EC0-301F-11D3-BF4B-00C04F79EFBC}") = "TestClosedXML", "TestClosedXML\TestClosedXML.csproj", "{2142A5A2-0191-44CF-A8EB-6E17A39BCF08}"
EndProject
Global
	GlobalSection(SolutionConfigurationPlatforms) = preSolution
		Debug|Any CPU = Debug|Any CPU
		Debug|x64 = Debug|x64
		Debug|x86 = Debug|x86
		Release|Any CPU = Release|Any CPU
		Release|x64 = Release|x64
		Release|x86 = Release|x86
	EndGlobalSection
	GlobalSection(ProjectConfigurationPlatforms) = postSolution
		{FF78A5CC-7259-423A-9DFA-4C56BB8906DC}.Debug|Any CPU.ActiveCfg = Debug|Any CPU
		{FF78A5CC-7259-423A-9DFA-4C56BB8906DC}.Debug|Any CPU.Build.0 = Debug|Any CPU
		{FF78A5CC-7259-423A-9DFA-4C56BB8906DC}.Debug|x64.ActiveCfg = Debug|Any CPU
		{FF78A5CC-7259-423A-9DFA-4C56BB8906DC}.Debug|x64.Build.0 = Debug|Any CPU
		{FF78A5CC-7259-423A-9DFA-4C56BB8906DC}.Debug|x86.ActiveCfg = Debug|Any CPU
		{FF78A5CC-7259-423A-9DFA-4C56BB8906DC}.Debug|x86.Build.0 = Debug|Any CPU
		{FF78A5CC-7259-423A-9DFA-4C56BB8906DC}.Release|Any CPU.ActiveCfg = Release|Any CPU
		{FF78A5CC-7259-423A-9DFA-4C56BB8906DC}.Release|Any CPU.Build.0 = Release|Any CPU
		{FF78A5CC-7259-423A-9DFA-4C56BB8906DC}.Release|x64.ActiveCfg = Release|Any CPU
		{FF78A5CC-7259-423A-9DFA-4C56BB8906DC}.Release|x64.Build.0 = Release|Any CPU
		{FF78A5CC-7259-423A-9DFA-4C56BB8906DC}.Release|x86.ActiveCfg = Release|Any CPU
		{FF78A5CC-7259-423A-9DFA-4C56BB8906DC}.Release|x86.Build.0 = Release|Any CPU
		{2142A5A2-0191-44CF-A8EB-6E17A39BCF08}.Debug|Any CPU.ActiveCfg = Debug|Any CPU
		{2142A5A2-0191-44CF-A8EB-6E17A39BCF08}.Debug|Any CPU.Build.0 = Debug|Any CPU
		{2142A5A2-0191-44CF-A8EB-6E17A39BCF08}.Debug|x64.ActiveCfg = Debug|Any CPU
		{2142A5A2-0191-44CF-A8EB-6E17A39BCF08}.Debug|x64.Build.0 = Debug|Any CPU
		{2142A5A2-0191-44CF-A8EB-6E17A39BCF08}.Debug|x86.ActiveCfg = Debug|Any CPU
		{2142A5A2-0191-44CF-A8EB-6E17A39BCF08}.Debug|x86.Build.0 = Debug|Any CPU
		{2142A5A2-0191-44CF-A8EB-6E17A39BCF08}.Release|Any CPU.ActiveCfg = Release|Any CPU
		{2142A5A2-0191-44CF-A8EB-6E17A39BCF08}.Release|Any CPU.Build.0 = Release|Any CPU
		{2142A5A2-0191-44CF-A8EB-6E17A39BCF08}.Release|x64.ActiveCfg = Release|Any CPU
		{2142A5A2-0191-44CF-A8EB-6E17A39BCF08}.Release|x64.Build.0 = Release|Any CPU
		{2142A5A2-0191-44CF-A8EB-6E17A39BCF08}.Release|x86.ActiveCfg = Release|Any CPU
		{2142A5A2-0191-44CF-A8EB-6E17A39BCF08}.Release|x86.Build.0 = Release|Any CPU
	EndGlobalSection
	GlobalSection(SolutionProperties) = preSolution
		HideSolutionNode = FALSE
	EndGlobalSection
EndGlobal
